// !$*UTF8*$!
{
	archiveVersion = 1;
	classes = {
	};
	objectVersion = 46;
	objects = {

/* Begin PBXBuildFile section */
		2053D61C1A98DCD40097D4EC /* snow.jpg in Resources */ = {isa = PBXBuildFile; fileRef = 2053D61B1A98DCD40097D4EC /* snow.jpg */; };
		2053D6241A98F6130097D4EC /* gpsArrow@2x.png in Resources */ = {isa = PBXBuildFile; fileRef = 2053D6231A98F6130097D4EC /* gpsArrow@2x.png */; };
		2053D6261A98F9FE0097D4EC /* blurrry.jpg in Resources */ = {isa = PBXBuildFile; fileRef = 2053D6251A98F9FE0097D4EC /* blurrry.jpg */; };
		2053D62A1A991D910097D4EC /* flashSelected@2x.png in Resources */ = {isa = PBXBuildFile; fileRef = 2053D6291A991D910097D4EC /* flashSelected@2x.png */; };
		2053D62E1A991F4A0097D4EC /* selfie@2x.png in Resources */ = {isa = PBXBuildFile; fileRef = 2053D62D1A991F4A0097D4EC /* selfie@2x.png */; };
		2053D6351A9A289A0097D4EC /* postPicSelected@2x.png in Resources */ = {isa = PBXBuildFile; fileRef = 2053D6341A9A289A0097D4EC /* postPicSelected@2x.png */; };
		2053D6411A9A83990097D4EC /* timerBkg@2x.png in Resources */ = {isa = PBXBuildFile; fileRef = 2053D6401A9A83990097D4EC /* timerBkg@2x.png */; };
		2053D6431A9B822D0097D4EC /* cam@2x.png in Resources */ = {isa = PBXBuildFile; fileRef = 2053D6421A9B822D0097D4EC /* cam@2x.png */; };
		2053D6451A9B9A9D0097D4EC /* selfieTwo@2x.png in Resources */ = {isa = PBXBuildFile; fileRef = 2053D6441A9B9A9D0097D4EC /* selfieTwo@2x.png */; };
		20CDAEEC1A96A72A002716D8 /* main.m in Sources */ = {isa = PBXBuildFile; fileRef = 20CDAEEB1A96A72A002716D8 /* main.m */; };
		20CDAEEF1A96A72A002716D8 /* AppDelegate.m in Sources */ = {isa = PBXBuildFile; fileRef = 20CDAEEE1A96A72A002716D8 /* AppDelegate.m */; };
		20CDAEF51A96A72A002716D8 /* Main.storyboard in Resources */ = {isa = PBXBuildFile; fileRef = 20CDAEF31A96A72A002716D8 /* Main.storyboard */; };
		20CDAEF71A96A72A002716D8 /* Images.xcassets in Resources */ = {isa = PBXBuildFile; fileRef = 20CDAEF61A96A72A002716D8 /* Images.xcassets */; };
		20CDAEFA1A96A72A002716D8 /* LaunchScreen.xib in Resources */ = {isa = PBXBuildFile; fileRef = 20CDAEF81A96A72A002716D8 /* LaunchScreen.xib */; };
		20CDAF061A96A72A002716D8 /* StoriesTests.m in Sources */ = {isa = PBXBuildFile; fileRef = 20CDAF051A96A72A002716D8 /* StoriesTests.m */; };
		20CDAF151A96A7D3002716D8 /* Bolts.framework in Frameworks */ = {isa = PBXBuildFile; fileRef = 20CDAF101A96A7D3002716D8 /* Bolts.framework */; };
		20CDAF161A96A7D3002716D8 /* Parse.framework in Frameworks */ = {isa = PBXBuildFile; fileRef = 20CDAF111A96A7D3002716D8 /* Parse.framework */; };
		20CDAF171A96A7D3002716D8 /* ParseCrashReporting.framework in Frameworks */ = {isa = PBXBuildFile; fileRef = 20CDAF121A96A7D3002716D8 /* ParseCrashReporting.framework */; };
		20CDAF181A96A7D3002716D8 /* ParseFacebookUtils.framework in Frameworks */ = {isa = PBXBuildFile; fileRef = 20CDAF131A96A7D3002716D8 /* ParseFacebookUtils.framework */; };
		20CDAF191A96A7D3002716D8 /* ParseUI.framework in Frameworks */ = {isa = PBXBuildFile; fileRef = 20CDAF141A96A7D3002716D8 /* ParseUI.framework */; };
		20CDAF271A96A840002716D8 /* AudioToolbox.framework in Frameworks */ = {isa = PBXBuildFile; fileRef = 20CDAF1A1A96A83F002716D8 /* AudioToolbox.framework */; };
		20CDAF281A96A840002716D8 /* CFNetwork.framework in Frameworks */ = {isa = PBXBuildFile; fileRef = 20CDAF1B1A96A83F002716D8 /* CFNetwork.framework */; };
		20CDAF291A96A840002716D8 /* CoreGraphics.framework in Frameworks */ = {isa = PBXBuildFile; fileRef = 20CDAF1C1A96A83F002716D8 /* CoreGraphics.framework */; };
		20CDAF2A1A96A840002716D8 /* CoreLocation.framework in Frameworks */ = {isa = PBXBuildFile; fileRef = 20CDAF1D1A96A83F002716D8 /* CoreLocation.framework */; };
		20CDAF2B1A96A840002716D8 /* Foundation.framework in Frameworks */ = {isa = PBXBuildFile; fileRef = 20CDAF1E1A96A83F002716D8 /* Foundation.framework */; };
		20CDAF2C1A96A840002716D8 /* GLKit.framework in Frameworks */ = {isa = PBXBuildFile; fileRef = 20CDAF1F1A96A83F002716D8 /* GLKit.framework */; };
		20CDAF2D1A96A840002716D8 /* libz.dylib in Frameworks */ = {isa = PBXBuildFile; fileRef = 20CDAF201A96A83F002716D8 /* libz.dylib */; };
		20CDAF2E1A96A840002716D8 /* MobileCoreServices.framework in Frameworks */ = {isa = PBXBuildFile; fileRef = 20CDAF211A96A83F002716D8 /* MobileCoreServices.framework */; };
		20CDAF2F1A96A840002716D8 /* QuartzCore.framework in Frameworks */ = {isa = PBXBuildFile; fileRef = 20CDAF221A96A83F002716D8 /* QuartzCore.framework */; };
		20CDAF301A96A840002716D8 /* Security.framework in Frameworks */ = {isa = PBXBuildFile; fileRef = 20CDAF231A96A83F002716D8 /* Security.framework */; };
		20CDAF311A96A840002716D8 /* StoreKit.framework in Frameworks */ = {isa = PBXBuildFile; fileRef = 20CDAF241A96A83F002716D8 /* StoreKit.framework */; };
		20CDAF321A96A840002716D8 /* SystemConfiguration.framework in Frameworks */ = {isa = PBXBuildFile; fileRef = 20CDAF251A96A83F002716D8 /* SystemConfiguration.framework */; };
		20CDAF331A96A840002716D8 /* UIKit.framework in Frameworks */ = {isa = PBXBuildFile; fileRef = 20CDAF261A96A840002716D8 /* UIKit.framework */; };
		20CDAF371A96A8EC002716D8 /* DIImageView.m in Sources */ = {isa = PBXBuildFile; fileRef = 20CDAF361A96A8EC002716D8 /* DIImageView.m */; };
		20CDAF3B1A96A900002716D8 /* KASlideShow.m in Sources */ = {isa = PBXBuildFile; fileRef = 20CDAF3A1A96A900002716D8 /* KASlideShow.m */; };
		20CDAF6B1A96A917002716D8 /* CIImageRendererUtils.m in Sources */ = {isa = PBXBuildFile; fileRef = 20CDAF3F1A96A916002716D8 /* CIImageRendererUtils.m */; };
		20CDAF6C1A96A917002716D8 /* SCArchivedVector.m in Sources */ = {isa = PBXBuildFile; fileRef = 20CDAF411A96A916002716D8 /* SCArchivedVector.m */; };
		20CDAF6D1A96A917002716D8 /* SCAssetExportSession.m in Sources */ = {isa = PBXBuildFile; fileRef = 20CDAF431A96A916002716D8 /* SCAssetExportSession.m */; };
		20CDAF6E1A96A917002716D8 /* SCAudioConfiguration.m in Sources */ = {isa = PBXBuildFile; fileRef = 20CDAF451A96A916002716D8 /* SCAudioConfiguration.m */; };
		20CDAF6F1A96A917002716D8 /* SCAudioTools.m in Sources */ = {isa = PBXBuildFile; fileRef = 20CDAF471A96A916002716D8 /* SCAudioTools.m */; };
		20CDAF701A96A917002716D8 /* SCFilter.m in Sources */ = {isa = PBXBuildFile; fileRef = 20CDAF4A1A96A916002716D8 /* SCFilter.m */; };
		20CDAF711A96A917002716D8 /* SCFilterGroup.m in Sources */ = {isa = PBXBuildFile; fileRef = 20CDAF4C1A96A916002716D8 /* SCFilterGroup.m */; };
		20CDAF721A96A917002716D8 /* SCFilterSelectorView.m in Sources */ = {isa = PBXBuildFile; fileRef = 20CDAF4E1A96A917002716D8 /* SCFilterSelectorView.m */; };
		20CDAF731A96A917002716D8 /* SCImageView.m in Sources */ = {isa = PBXBuildFile; fileRef = 20CDAF511A96A917002716D8 /* SCImageView.m */; };
		20CDAF741A96A917002716D8 /* SCMediaTypeConfiguration.m in Sources */ = {isa = PBXBuildFile; fileRef = 20CDAF531A96A917002716D8 /* SCMediaTypeConfiguration.m */; };
		20CDAF751A96A917002716D8 /* SCPhotoConfiguration.m in Sources */ = {isa = PBXBuildFile; fileRef = 20CDAF551A96A917002716D8 /* SCPhotoConfiguration.m */; };
		20CDAF761A96A917002716D8 /* SCPlayer.m in Sources */ = {isa = PBXBuildFile; fileRef = 20CDAF571A96A917002716D8 /* SCPlayer.m */; };
		20CDAF771A96A917002716D8 /* SCRecorder.m in Sources */ = {isa = PBXBuildFile; fileRef = 20CDAF591A96A917002716D8 /* SCRecorder.m */; };
		20CDAF781A96A917002716D8 /* SCRecorderFocusTargetView.m in Sources */ = {isa = PBXBuildFile; fileRef = 20CDAF5B1A96A917002716D8 /* SCRecorderFocusTargetView.m */; };
		20CDAF791A96A917002716D8 /* SCRecorderFocusView.m in Sources */ = {isa = PBXBuildFile; fileRef = 20CDAF5D1A96A917002716D8 /* SCRecorderFocusView.m */; };
		20CDAF7A1A96A917002716D8 /* SCRecorderTools.m in Sources */ = {isa = PBXBuildFile; fileRef = 20CDAF5F1A96A917002716D8 /* SCRecorderTools.m */; };
		20CDAF7B1A96A917002716D8 /* SCRecordSession.m in Sources */ = {isa = PBXBuildFile; fileRef = 20CDAF611A96A917002716D8 /* SCRecordSession.m */; };
		20CDAF7C1A96A917002716D8 /* SCSampleBufferHolder.m in Sources */ = {isa = PBXBuildFile; fileRef = 20CDAF641A96A917002716D8 /* SCSampleBufferHolder.m */; };
		20CDAF7D1A96A917002716D8 /* SCSwipeableFilterView.m in Sources */ = {isa = PBXBuildFile; fileRef = 20CDAF661A96A917002716D8 /* SCSwipeableFilterView.m */; };
		20CDAF7E1A96A917002716D8 /* SCVideoConfiguration.m in Sources */ = {isa = PBXBuildFile; fileRef = 20CDAF681A96A917002716D8 /* SCVideoConfiguration.m */; };
		20CDAF7F1A96A917002716D8 /* SCVideoPlayerView.m in Sources */ = {isa = PBXBuildFile; fileRef = 20CDAF6A1A96A917002716D8 /* SCVideoPlayerView.m */; };
		20CDAF841A96A932002716D8 /* PKImageBundle.bundle in Resources */ = {isa = PBXBuildFile; fileRef = 20CDAF811A96A932002716D8 /* PKImageBundle.bundle */; };
		20CDAF851A96A932002716D8 /* PKImagePickerViewController.m in Sources */ = {isa = PBXBuildFile; fileRef = 20CDAF831A96A932002716D8 /* PKImagePickerViewController.m */; };
		20CDAF8A1A96A952002716D8 /* ProgressHUD.bundle in Resources */ = {isa = PBXBuildFile; fileRef = 20CDAF871A96A952002716D8 /* ProgressHUD.bundle */; };
		20CDAF8B1A96A952002716D8 /* ProgressHUD.m in Sources */ = {isa = PBXBuildFile; fileRef = 20CDAF891A96A952002716D8 /* ProgressHUD.m */; };
		20CDAF8F1A96A988002716D8 /* CameraViewController.m in Sources */ = {isa = PBXBuildFile; fileRef = 20CDAF8E1A96A988002716D8 /* CameraViewController.m */; };
		20CDAF921A96AA9F002716D8 /* HomeTableViewController.m in Sources */ = {isa = PBXBuildFile; fileRef = 20CDAF911A96AA9F002716D8 /* HomeTableViewController.m */; };
		20CDAF951A96ACC5002716D8 /* MainStoriesViewController.m in Sources */ = {isa = PBXBuildFile; fileRef = 20CDAF941A96ACC5002716D8 /* MainStoriesViewController.m */; };
		20CDAF981A96ADD0002716D8 /* WelcomeViewController.m in Sources */ = {isa = PBXBuildFile; fileRef = 20CDAF971A96ADD0002716D8 /* WelcomeViewController.m */; };
		20CDAF9B1A96AE8E002716D8 /* PopSegue.m in Sources */ = {isa = PBXBuildFile; fileRef = 20CDAF9A1A96AE8E002716D8 /* PopSegue.m */; };
		20CDAF9D1A96AF4D002716D8 /* libsqlite3.dylib in Frameworks */ = {isa = PBXBuildFile; fileRef = 20CDAF9C1A96AF4D002716D8 /* libsqlite3.dylib */; };
		20CDAFA71A96B0DE002716D8 /* flipCam@2x.png in Resources */ = {isa = PBXBuildFile; fileRef = 20CDAF9E1A96B0DE002716D8 /* flipCam@2x.png */; };
		20CDAFA81A96B0DE002716D8 /* cancel@2x.png in Resources */ = {isa = PBXBuildFile; fileRef = 20CDAF9F1A96B0DE002716D8 /* cancel@2x.png */; };
		20CDAFA91A96B0DE002716D8 /* flash@2x.png in Resources */ = {isa = PBXBuildFile; fileRef = 20CDAFA01A96B0DE002716D8 /* flash@2x.png */; };
		20CDAFAB1A96B0DE002716D8 /* arrow@2x.png in Resources */ = {isa = PBXBuildFile; fileRef = 20CDAFA21A96B0DE002716D8 /* arrow@2x.png */; };
		20CDAFAC1A96B0DE002716D8 /* postImage@2x.png in Resources */ = {isa = PBXBuildFile; fileRef = 20CDAFA31A96B0DE002716D8 /* postImage@2x.png */; };
		20CDAFAD1A96B0DE002716D8 /* snapPhoto@2x.png in Resources */ = {isa = PBXBuildFile; fileRef = 20CDAFA41A96B0DE002716D8 /* snapPhoto@2x.png */; };
		20CDAFAE1A96B0DE002716D8 /* SpotshotFace@2x.png in Resources */ = {isa = PBXBuildFile; fileRef = 20CDAFA51A96B0DE002716D8 /* SpotshotFace@2x.png */; };
		20CDAFAF1A96B0DE002716D8 /* IconCamera@2x.png in Resources */ = {isa = PBXBuildFile; fileRef = 20CDAFA61A96B0DE002716D8 /* IconCamera@2x.png */; };
		20CDAFB21A96B4CC002716D8 /* palm@2x.png in Resources */ = {isa = PBXBuildFile; fileRef = 20CDAFB11A96B4CC002716D8 /* palm@2x.png */; };
		20CDAFB41A96BB4E002716D8 /* menu@2x.png in Resources */ = {isa = PBXBuildFile; fileRef = 20CDAFB31A96BB4E002716D8 /* menu@2x.png */; };
		20CDAFB61A96BC9E002716D8 /* postPic@2x.png in Resources */ = {isa = PBXBuildFile; fileRef = 20CDAFB51A96BC9E002716D8 /* postPic@2x.png */; };
		20CDAFBD1A975D62002716D8 /* FirstFeaturedViewController.m in Sources */ = {isa = PBXBuildFile; fileRef = 20CDAFBC1A975D62002716D8 /* FirstFeaturedViewController.m */; };
		20CDAFBF1A979AB1002716D8 /* CameraIcon@2x.png in Resources */ = {isa = PBXBuildFile; fileRef = 20CDAFBE1A979AB1002716D8 /* CameraIcon@2x.png */; };
		20CDAFC31A979B74002716D8 /* camButton@2x.png in Resources */ = {isa = PBXBuildFile; fileRef = 20CDAFC21A979B74002716D8 /* camButton@2x.png */; };
		20CDAFD31A97B864002716D8 /* blurbkg@2x.png in Resources */ = {isa = PBXBuildFile; fileRef = 20CDAFD21A97B864002716D8 /* blurbkg@2x.png */; };
		20CDAFD61A97C4F0002716D8 /* SecondFeaturedViewController.m in Sources */ = {isa = PBXBuildFile; fileRef = 20CDAFD51A97C4F0002716D8 /* SecondFeaturedViewController.m */; };
		20CDAFD91A98BE2C002716D8 /* UIScrollView+EmptyDataSet.m in Sources */ = {isa = PBXBuildFile; fileRef = 20CDAFD81A98BE2C002716D8 /* UIScrollView+EmptyDataSet.m */; };
		20CDAFDC1A98CDC6002716D8 /* placeholder.png in Resources */ = {isa = PBXBuildFile; fileRef = 20CDAFDB1A98CDC6002716D8 /* placeholder.png */; };
		20CDAFDE1A98D454002716D8 /* flash2@2x.png in Resources */ = {isa = PBXBuildFile; fileRef = 20CDAFDD1A98D454002716D8 /* flash2@2x.png */; };
/* End PBXBuildFile section */

/* Begin PBXContainerItemProxy section */
		20CDAF001A96A72A002716D8 /* PBXContainerItemProxy */ = {
			isa = PBXContainerItemProxy;
			containerPortal = 20CDAEDE1A96A72A002716D8 /* Project object */;
			proxyType = 1;
			remoteGlobalIDString = 20CDAEE51A96A72A002716D8;
			remoteInfo = Stories;
		};
/* End PBXContainerItemProxy section */

/* Begin PBXFileReference section */
		2053D61B1A98DCD40097D4EC /* snow.jpg */ = {isa = PBXFileReference; lastKnownFileType = image.jpeg; path = snow.jpg; sourceTree = "<group>"; };
		2053D6231A98F6130097D4EC /* gpsArrow@2x.png */ = {isa = PBXFileReference; lastKnownFileType = image.png; path = "gpsArrow@2x.png"; sourceTree = "<group>"; };
		2053D6251A98F9FE0097D4EC /* blurrry.jpg */ = {isa = PBXFileReference; lastKnownFileType = image.jpeg; path = blurrry.jpg; sourceTree = "<group>"; };
		2053D6291A991D910097D4EC /* flashSelected@2x.png */ = {isa = PBXFileReference; lastKnownFileType = image.png; path = "flashSelected@2x.png"; sourceTree = "<group>"; };
		2053D62D1A991F4A0097D4EC /* selfie@2x.png */ = {isa = PBXFileReference; lastKnownFileType = image.png; path = "selfie@2x.png"; sourceTree = "<group>"; };
		2053D6341A9A289A0097D4EC /* postPicSelected@2x.png */ = {isa = PBXFileReference; lastKnownFileType = image.png; path = "postPicSelected@2x.png"; sourceTree = "<group>"; };
		2053D6401A9A83990097D4EC /* timerBkg@2x.png */ = {isa = PBXFileReference; lastKnownFileType = image.png; path = "timerBkg@2x.png"; sourceTree = "<group>"; };
		2053D6421A9B822D0097D4EC /* cam@2x.png */ = {isa = PBXFileReference; lastKnownFileType = image.png; path = "cam@2x.png"; sourceTree = "<group>"; };
		2053D6441A9B9A9D0097D4EC /* selfieTwo@2x.png */ = {isa = PBXFileReference; lastKnownFileType = image.png; path = "selfieTwo@2x.png"; sourceTree = "<group>"; };
		20CDAEE61A96A72A002716D8 /* Spotshot.app */ = {isa = PBXFileReference; explicitFileType = wrapper.application; includeInIndex = 0; path = Spotshot.app; sourceTree = BUILT_PRODUCTS_DIR; };
		20CDAEEA1A96A72A002716D8 /* Info.plist */ = {isa = PBXFileReference; lastKnownFileType = text.plist.xml; path = Info.plist; sourceTree = "<group>"; };
		20CDAEEB1A96A72A002716D8 /* main.m */ = {isa = PBXFileReference; lastKnownFileType = sourcecode.c.objc; path = main.m; sourceTree = "<group>"; };
		20CDAEED1A96A72A002716D8 /* AppDelegate.h */ = {isa = PBXFileReference; lastKnownFileType = sourcecode.c.h; path = AppDelegate.h; sourceTree = "<group>"; };
		20CDAEEE1A96A72A002716D8 /* AppDelegate.m */ = {isa = PBXFileReference; lastKnownFileType = sourcecode.c.objc; path = AppDelegate.m; sourceTree = "<group>"; };
		20CDAEF41A96A72A002716D8 /* Base */ = {isa = PBXFileReference; lastKnownFileType = file.storyboard; name = Base; path = Base.lproj/Main.storyboard; sourceTree = "<group>"; };
		20CDAEF61A96A72A002716D8 /* Images.xcassets */ = {isa = PBXFileReference; lastKnownFileType = folder.assetcatalog; path = Images.xcassets; sourceTree = "<group>"; };
		20CDAEF91A96A72A002716D8 /* Base */ = {isa = PBXFileReference; lastKnownFileType = file.xib; name = Base; path = Base.lproj/LaunchScreen.xib; sourceTree = "<group>"; };
		20CDAEFF1A96A72A002716D8 /* StoriesTests.xctest */ = {isa = PBXFileReference; explicitFileType = wrapper.cfbundle; includeInIndex = 0; path = StoriesTests.xctest; sourceTree = BUILT_PRODUCTS_DIR; };
		20CDAF041A96A72A002716D8 /* Info.plist */ = {isa = PBXFileReference; lastKnownFileType = text.plist.xml; path = Info.plist; sourceTree = "<group>"; };
		20CDAF051A96A72A002716D8 /* StoriesTests.m */ = {isa = PBXFileReference; lastKnownFileType = sourcecode.c.objc; path = StoriesTests.m; sourceTree = "<group>"; };
		20CDAF101A96A7D3002716D8 /* Bolts.framework */ = {isa = PBXFileReference; lastKnownFileType = wrapper.framework; path = Bolts.framework; sourceTree = "<group>"; };
		20CDAF111A96A7D3002716D8 /* Parse.framework */ = {isa = PBXFileReference; lastKnownFileType = wrapper.framework; path = Parse.framework; sourceTree = "<group>"; };
		20CDAF121A96A7D3002716D8 /* ParseCrashReporting.framework */ = {isa = PBXFileReference; lastKnownFileType = wrapper.framework; path = ParseCrashReporting.framework; sourceTree = "<group>"; };
		20CDAF131A96A7D3002716D8 /* ParseFacebookUtils.framework */ = {isa = PBXFileReference; lastKnownFileType = wrapper.framework; path = ParseFacebookUtils.framework; sourceTree = "<group>"; };
		20CDAF141A96A7D3002716D8 /* ParseUI.framework */ = {isa = PBXFileReference; lastKnownFileType = wrapper.framework; path = ParseUI.framework; sourceTree = "<group>"; };
		20CDAF1A1A96A83F002716D8 /* AudioToolbox.framework */ = {isa = PBXFileReference; lastKnownFileType = wrapper.framework; name = AudioToolbox.framework; path = System/Library/Frameworks/AudioToolbox.framework; sourceTree = SDKROOT; };
		20CDAF1B1A96A83F002716D8 /* CFNetwork.framework */ = {isa = PBXFileReference; lastKnownFileType = wrapper.framework; name = CFNetwork.framework; path = System/Library/Frameworks/CFNetwork.framework; sourceTree = SDKROOT; };
		20CDAF1C1A96A83F002716D8 /* CoreGraphics.framework */ = {isa = PBXFileReference; lastKnownFileType = wrapper.framework; name = CoreGraphics.framework; path = System/Library/Frameworks/CoreGraphics.framework; sourceTree = SDKROOT; };
		20CDAF1D1A96A83F002716D8 /* CoreLocation.framework */ = {isa = PBXFileReference; lastKnownFileType = wrapper.framework; name = CoreLocation.framework; path = System/Library/Frameworks/CoreLocation.framework; sourceTree = SDKROOT; };
		20CDAF1E1A96A83F002716D8 /* Foundation.framework */ = {isa = PBXFileReference; lastKnownFileType = wrapper.framework; name = Foundation.framework; path = System/Library/Frameworks/Foundation.framework; sourceTree = SDKROOT; };
		20CDAF1F1A96A83F002716D8 /* GLKit.framework */ = {isa = PBXFileReference; lastKnownFileType = wrapper.framework; name = GLKit.framework; path = System/Library/Frameworks/GLKit.framework; sourceTree = SDKROOT; };
		20CDAF201A96A83F002716D8 /* libz.dylib */ = {isa = PBXFileReference; lastKnownFileType = "compiled.mach-o.dylib"; name = libz.dylib; path = usr/lib/libz.dylib; sourceTree = SDKROOT; };
		20CDAF211A96A83F002716D8 /* MobileCoreServices.framework */ = {isa = PBXFileReference; lastKnownFileType = wrapper.framework; name = MobileCoreServices.framework; path = System/Library/Frameworks/MobileCoreServices.framework; sourceTree = SDKROOT; };
		20CDAF221A96A83F002716D8 /* QuartzCore.framework */ = {isa = PBXFileReference; lastKnownFileType = wrapper.framework; name = QuartzCore.framework; path = System/Library/Frameworks/QuartzCore.framework; sourceTree = SDKROOT; };
		20CDAF231A96A83F002716D8 /* Security.framework */ = {isa = PBXFileReference; lastKnownFileType = wrapper.framework; name = Security.framework; path = System/Library/Frameworks/Security.framework; sourceTree = SDKROOT; };
		20CDAF241A96A83F002716D8 /* StoreKit.framework */ = {isa = PBXFileReference; lastKnownFileType = wrapper.framework; name = StoreKit.framework; path = System/Library/Frameworks/StoreKit.framework; sourceTree = SDKROOT; };
		20CDAF251A96A83F002716D8 /* SystemConfiguration.framework */ = {isa = PBXFileReference; lastKnownFileType = wrapper.framework; name = SystemConfiguration.framework; path = System/Library/Frameworks/SystemConfiguration.framework; sourceTree = SDKROOT; };
		20CDAF261A96A840002716D8 /* UIKit.framework */ = {isa = PBXFileReference; lastKnownFileType = wrapper.framework; name = UIKit.framework; path = System/Library/Frameworks/UIKit.framework; sourceTree = SDKROOT; };
		20CDAF351A96A8EC002716D8 /* DIImageView.h */ = {isa = PBXFileReference; fileEncoding = 4; lastKnownFileType = sourcecode.c.h; path = DIImageView.h; sourceTree = "<group>"; };
		20CDAF361A96A8EC002716D8 /* DIImageView.m */ = {isa = PBXFileReference; fileEncoding = 4; lastKnownFileType = sourcecode.c.objc; path = DIImageView.m; sourceTree = "<group>"; };
		20CDAF391A96A900002716D8 /* KASlideShow.h */ = {isa = PBXFileReference; fileEncoding = 4; lastKnownFileType = sourcecode.c.h; path = KASlideShow.h; sourceTree = "<group>"; };
		20CDAF3A1A96A900002716D8 /* KASlideShow.m */ = {isa = PBXFileReference; fileEncoding = 4; lastKnownFileType = sourcecode.c.objc; path = KASlideShow.m; sourceTree = "<group>"; };
		20CDAF3D1A96A916002716D8 /* CIImageRenderer.h */ = {isa = PBXFileReference; fileEncoding = 4; lastKnownFileType = sourcecode.c.h; path = CIImageRenderer.h; sourceTree = "<group>"; };
		20CDAF3E1A96A916002716D8 /* CIImageRendererUtils.h */ = {isa = PBXFileReference; fileEncoding = 4; lastKnownFileType = sourcecode.c.h; path = CIImageRendererUtils.h; sourceTree = "<group>"; };
		20CDAF3F1A96A916002716D8 /* CIImageRendererUtils.m */ = {isa = PBXFileReference; fileEncoding = 4; lastKnownFileType = sourcecode.c.objc; path = CIImageRendererUtils.m; sourceTree = "<group>"; };
		20CDAF401A96A916002716D8 /* SCArchivedVector.h */ = {isa = PBXFileReference; fileEncoding = 4; lastKnownFileType = sourcecode.c.h; path = SCArchivedVector.h; sourceTree = "<group>"; };
		20CDAF411A96A916002716D8 /* SCArchivedVector.m */ = {isa = PBXFileReference; fileEncoding = 4; lastKnownFileType = sourcecode.c.objc; path = SCArchivedVector.m; sourceTree = "<group>"; };
		20CDAF421A96A916002716D8 /* SCAssetExportSession.h */ = {isa = PBXFileReference; fileEncoding = 4; lastKnownFileType = sourcecode.c.h; path = SCAssetExportSession.h; sourceTree = "<group>"; };
		20CDAF431A96A916002716D8 /* SCAssetExportSession.m */ = {isa = PBXFileReference; fileEncoding = 4; lastKnownFileType = sourcecode.c.objc; path = SCAssetExportSession.m; sourceTree = "<group>"; };
		20CDAF441A96A916002716D8 /* SCAudioConfiguration.h */ = {isa = PBXFileReference; fileEncoding = 4; lastKnownFileType = sourcecode.c.h; path = SCAudioConfiguration.h; sourceTree = "<group>"; };
		20CDAF451A96A916002716D8 /* SCAudioConfiguration.m */ = {isa = PBXFileReference; fileEncoding = 4; lastKnownFileType = sourcecode.c.objc; path = SCAudioConfiguration.m; sourceTree = "<group>"; };
		20CDAF461A96A916002716D8 /* SCAudioTools.h */ = {isa = PBXFileReference; fileEncoding = 4; lastKnownFileType = sourcecode.c.h; path = SCAudioTools.h; sourceTree = "<group>"; };
		20CDAF471A96A916002716D8 /* SCAudioTools.m */ = {isa = PBXFileReference; fileEncoding = 4; lastKnownFileType = sourcecode.c.objc; path = SCAudioTools.m; sourceTree = "<group>"; };
		20CDAF481A96A916002716D8 /* SCAudioVideoRecorder-Prefix.pch */ = {isa = PBXFileReference; fileEncoding = 4; lastKnownFileType = sourcecode.c.h; path = "SCAudioVideoRecorder-Prefix.pch"; sourceTree = "<group>"; };
		20CDAF491A96A916002716D8 /* SCFilter.h */ = {isa = PBXFileReference; fileEncoding = 4; lastKnownFileType = sourcecode.c.h; path = SCFilter.h; sourceTree = "<group>"; };
		20CDAF4A1A96A916002716D8 /* SCFilter.m */ = {isa = PBXFileReference; fileEncoding = 4; lastKnownFileType = sourcecode.c.objc; path = SCFilter.m; sourceTree = "<group>"; };
		20CDAF4B1A96A916002716D8 /* SCFilterGroup.h */ = {isa = PBXFileReference; fileEncoding = 4; lastKnownFileType = sourcecode.c.h; path = SCFilterGroup.h; sourceTree = "<group>"; };
		20CDAF4C1A96A916002716D8 /* SCFilterGroup.m */ = {isa = PBXFileReference; fileEncoding = 4; lastKnownFileType = sourcecode.c.objc; path = SCFilterGroup.m; sourceTree = "<group>"; };
		20CDAF4D1A96A917002716D8 /* SCFilterSelectorView.h */ = {isa = PBXFileReference; fileEncoding = 4; lastKnownFileType = sourcecode.c.h; path = SCFilterSelectorView.h; sourceTree = "<group>"; };
		20CDAF4E1A96A917002716D8 /* SCFilterSelectorView.m */ = {isa = PBXFileReference; fileEncoding = 4; lastKnownFileType = sourcecode.c.objc; path = SCFilterSelectorView.m; sourceTree = "<group>"; };
		20CDAF4F1A96A917002716D8 /* SCFilterSelectorViewInternal.h */ = {isa = PBXFileReference; fileEncoding = 4; lastKnownFileType = sourcecode.c.h; path = SCFilterSelectorViewInternal.h; sourceTree = "<group>"; };
		20CDAF501A96A917002716D8 /* SCImageView.h */ = {isa = PBXFileReference; fileEncoding = 4; lastKnownFileType = sourcecode.c.h; path = SCImageView.h; sourceTree = "<group>"; };
		20CDAF511A96A917002716D8 /* SCImageView.m */ = {isa = PBXFileReference; fileEncoding = 4; lastKnownFileType = sourcecode.c.objc; path = SCImageView.m; sourceTree = "<group>"; };
		20CDAF521A96A917002716D8 /* SCMediaTypeConfiguration.h */ = {isa = PBXFileReference; fileEncoding = 4; lastKnownFileType = sourcecode.c.h; path = SCMediaTypeConfiguration.h; sourceTree = "<group>"; };
		20CDAF531A96A917002716D8 /* SCMediaTypeConfiguration.m */ = {isa = PBXFileReference; fileEncoding = 4; lastKnownFileType = sourcecode.c.objc; path = SCMediaTypeConfiguration.m; sourceTree = "<group>"; };
		20CDAF541A96A917002716D8 /* SCPhotoConfiguration.h */ = {isa = PBXFileReference; fileEncoding = 4; lastKnownFileType = sourcecode.c.h; path = SCPhotoConfiguration.h; sourceTree = "<group>"; };
		20CDAF551A96A917002716D8 /* SCPhotoConfiguration.m */ = {isa = PBXFileReference; fileEncoding = 4; lastKnownFileType = sourcecode.c.objc; path = SCPhotoConfiguration.m; sourceTree = "<group>"; };
		20CDAF561A96A917002716D8 /* SCPlayer.h */ = {isa = PBXFileReference; fileEncoding = 4; lastKnownFileType = sourcecode.c.h; path = SCPlayer.h; sourceTree = "<group>"; };
		20CDAF571A96A917002716D8 /* SCPlayer.m */ = {isa = PBXFileReference; fileEncoding = 4; lastKnownFileType = sourcecode.c.objc; path = SCPlayer.m; sourceTree = "<group>"; };
		20CDAF581A96A917002716D8 /* SCRecorder.h */ = {isa = PBXFileReference; fileEncoding = 4; lastKnownFileType = sourcecode.c.h; path = SCRecorder.h; sourceTree = "<group>"; };
		20CDAF591A96A917002716D8 /* SCRecorder.m */ = {isa = PBXFileReference; fileEncoding = 4; lastKnownFileType = sourcecode.c.objc; path = SCRecorder.m; sourceTree = "<group>"; };
		20CDAF5A1A96A917002716D8 /* SCRecorderFocusTargetView.h */ = {isa = PBXFileReference; fileEncoding = 4; lastKnownFileType = sourcecode.c.h; path = SCRecorderFocusTargetView.h; sourceTree = "<group>"; };
		20CDAF5B1A96A917002716D8 /* SCRecorderFocusTargetView.m */ = {isa = PBXFileReference; fileEncoding = 4; lastKnownFileType = sourcecode.c.objc; path = SCRecorderFocusTargetView.m; sourceTree = "<group>"; };
		20CDAF5C1A96A917002716D8 /* SCRecorderFocusView.h */ = {isa = PBXFileReference; fileEncoding = 4; lastKnownFileType = sourcecode.c.h; path = SCRecorderFocusView.h; sourceTree = "<group>"; };
		20CDAF5D1A96A917002716D8 /* SCRecorderFocusView.m */ = {isa = PBXFileReference; fileEncoding = 4; lastKnownFileType = sourcecode.c.objc; path = SCRecorderFocusView.m; sourceTree = "<group>"; };
		20CDAF5E1A96A917002716D8 /* SCRecorderTools.h */ = {isa = PBXFileReference; fileEncoding = 4; lastKnownFileType = sourcecode.c.h; path = SCRecorderTools.h; sourceTree = "<group>"; };
		20CDAF5F1A96A917002716D8 /* SCRecorderTools.m */ = {isa = PBXFileReference; fileEncoding = 4; lastKnownFileType = sourcecode.c.objc; path = SCRecorderTools.m; sourceTree = "<group>"; };
		20CDAF601A96A917002716D8 /* SCRecordSession.h */ = {isa = PBXFileReference; fileEncoding = 4; lastKnownFileType = sourcecode.c.h; path = SCRecordSession.h; sourceTree = "<group>"; };
		20CDAF611A96A917002716D8 /* SCRecordSession.m */ = {isa = PBXFileReference; fileEncoding = 4; lastKnownFileType = sourcecode.c.objc; path = SCRecordSession.m; sourceTree = "<group>"; };
		20CDAF621A96A917002716D8 /* SCRecordSession_Internal.h */ = {isa = PBXFileReference; fileEncoding = 4; lastKnownFileType = sourcecode.c.h; path = SCRecordSession_Internal.h; sourceTree = "<group>"; };
		20CDAF631A96A917002716D8 /* SCSampleBufferHolder.h */ = {isa = PBXFileReference; fileEncoding = 4; lastKnownFileType = sourcecode.c.h; path = SCSampleBufferHolder.h; sourceTree = "<group>"; };
		20CDAF641A96A917002716D8 /* SCSampleBufferHolder.m */ = {isa = PBXFileReference; fileEncoding = 4; lastKnownFileType = sourcecode.c.objc; path = SCSampleBufferHolder.m; sourceTree = "<group>"; };
		20CDAF651A96A917002716D8 /* SCSwipeableFilterView.h */ = {isa = PBXFileReference; fileEncoding = 4; lastKnownFileType = sourcecode.c.h; path = SCSwipeableFilterView.h; sourceTree = "<group>"; };
		20CDAF661A96A917002716D8 /* SCSwipeableFilterView.m */ = {isa = PBXFileReference; fileEncoding = 4; lastKnownFileType = sourcecode.c.objc; path = SCSwipeableFilterView.m; sourceTree = "<group>"; };
		20CDAF671A96A917002716D8 /* SCVideoConfiguration.h */ = {isa = PBXFileReference; fileEncoding = 4; lastKnownFileType = sourcecode.c.h; path = SCVideoConfiguration.h; sourceTree = "<group>"; };
		20CDAF681A96A917002716D8 /* SCVideoConfiguration.m */ = {isa = PBXFileReference; fileEncoding = 4; lastKnownFileType = sourcecode.c.objc; path = SCVideoConfiguration.m; sourceTree = "<group>"; };
		20CDAF691A96A917002716D8 /* SCVideoPlayerView.h */ = {isa = PBXFileReference; fileEncoding = 4; lastKnownFileType = sourcecode.c.h; path = SCVideoPlayerView.h; sourceTree = "<group>"; };
		20CDAF6A1A96A917002716D8 /* SCVideoPlayerView.m */ = {isa = PBXFileReference; fileEncoding = 4; lastKnownFileType = sourcecode.c.objc; path = SCVideoPlayerView.m; sourceTree = "<group>"; };
		20CDAF811A96A932002716D8 /* PKImageBundle.bundle */ = {isa = PBXFileReference; lastKnownFileType = "wrapper.plug-in"; path = PKImageBundle.bundle; sourceTree = "<group>"; };
		20CDAF821A96A932002716D8 /* PKImagePickerViewController.h */ = {isa = PBXFileReference; fileEncoding = 4; lastKnownFileType = sourcecode.c.h; path = PKImagePickerViewController.h; sourceTree = "<group>"; };
		20CDAF831A96A932002716D8 /* PKImagePickerViewController.m */ = {isa = PBXFileReference; fileEncoding = 4; lastKnownFileType = sourcecode.c.objc; path = PKImagePickerViewController.m; sourceTree = "<group>"; };
		20CDAF871A96A952002716D8 /* ProgressHUD.bundle */ = {isa = PBXFileReference; lastKnownFileType = "wrapper.plug-in"; path = ProgressHUD.bundle; sourceTree = "<group>"; };
		20CDAF881A96A952002716D8 /* ProgressHUD.h */ = {isa = PBXFileReference; fileEncoding = 4; lastKnownFileType = sourcecode.c.h; path = ProgressHUD.h; sourceTree = "<group>"; };
		20CDAF891A96A952002716D8 /* ProgressHUD.m */ = {isa = PBXFileReference; fileEncoding = 4; lastKnownFileType = sourcecode.c.objc; path = ProgressHUD.m; sourceTree = "<group>"; };
		20CDAF8D1A96A988002716D8 /* CameraViewController.h */ = {isa = PBXFileReference; fileEncoding = 4; lastKnownFileType = sourcecode.c.h; path = CameraViewController.h; sourceTree = "<group>"; };
		20CDAF8E1A96A988002716D8 /* CameraViewController.m */ = {isa = PBXFileReference; fileEncoding = 4; lastKnownFileType = sourcecode.c.objc; path = CameraViewController.m; sourceTree = "<group>"; };
		20CDAF901A96AA9F002716D8 /* HomeTableViewController.h */ = {isa = PBXFileReference; fileEncoding = 4; lastKnownFileType = sourcecode.c.h; path = HomeTableViewController.h; sourceTree = "<group>"; };
		20CDAF911A96AA9F002716D8 /* HomeTableViewController.m */ = {isa = PBXFileReference; fileEncoding = 4; lastKnownFileType = sourcecode.c.objc; path = HomeTableViewController.m; sourceTree = "<group>"; };
		20CDAF931A96ACC5002716D8 /* MainStoriesViewController.h */ = {isa = PBXFileReference; fileEncoding = 4; lastKnownFileType = sourcecode.c.h; path = MainStoriesViewController.h; sourceTree = "<group>"; };
		20CDAF941A96ACC5002716D8 /* MainStoriesViewController.m */ = {isa = PBXFileReference; fileEncoding = 4; lastKnownFileType = sourcecode.c.objc; path = MainStoriesViewController.m; sourceTree = "<group>"; };
		20CDAF961A96ADD0002716D8 /* WelcomeViewController.h */ = {isa = PBXFileReference; fileEncoding = 4; lastKnownFileType = sourcecode.c.h; path = WelcomeViewController.h; sourceTree = "<group>"; };
		20CDAF971A96ADD0002716D8 /* WelcomeViewController.m */ = {isa = PBXFileReference; fileEncoding = 4; lastKnownFileType = sourcecode.c.objc; path = WelcomeViewController.m; sourceTree = "<group>"; };
		20CDAF991A96AE8E002716D8 /* PopSegue.h */ = {isa = PBXFileReference; fileEncoding = 4; lastKnownFileType = sourcecode.c.h; path = PopSegue.h; sourceTree = "<group>"; };
		20CDAF9A1A96AE8E002716D8 /* PopSegue.m */ = {isa = PBXFileReference; fileEncoding = 4; lastKnownFileType = sourcecode.c.objc; path = PopSegue.m; sourceTree = "<group>"; };
		20CDAF9C1A96AF4D002716D8 /* libsqlite3.dylib */ = {isa = PBXFileReference; lastKnownFileType = "compiled.mach-o.dylib"; name = libsqlite3.dylib; path = usr/lib/libsqlite3.dylib; sourceTree = SDKROOT; };
		20CDAF9E1A96B0DE002716D8 /* flipCam@2x.png */ = {isa = PBXFileReference; lastKnownFileType = image.png; path = "flipCam@2x.png"; sourceTree = "<group>"; };
		20CDAF9F1A96B0DE002716D8 /* cancel@2x.png */ = {isa = PBXFileReference; lastKnownFileType = image.png; path = "cancel@2x.png"; sourceTree = "<group>"; };
		20CDAFA01A96B0DE002716D8 /* flash@2x.png */ = {isa = PBXFileReference; lastKnownFileType = image.png; path = "flash@2x.png"; sourceTree = "<group>"; };
		20CDAFA21A96B0DE002716D8 /* arrow@2x.png */ = {isa = PBXFileReference; lastKnownFileType = image.png; path = "arrow@2x.png"; sourceTree = "<group>"; };
		20CDAFA31A96B0DE002716D8 /* postImage@2x.png */ = {isa = PBXFileReference; lastKnownFileType = image.png; path = "postImage@2x.png"; sourceTree = "<group>"; };
		20CDAFA41A96B0DE002716D8 /* snapPhoto@2x.png */ = {isa = PBXFileReference; lastKnownFileType = image.png; path = "snapPhoto@2x.png"; sourceTree = "<group>"; };
		20CDAFA51A96B0DE002716D8 /* SpotshotFace@2x.png */ = {isa = PBXFileReference; lastKnownFileType = image.png; path = "SpotshotFace@2x.png"; sourceTree = "<group>"; };
		20CDAFA61A96B0DE002716D8 /* IconCamera@2x.png */ = {isa = PBXFileReference; lastKnownFileType = image.png; path = "IconCamera@2x.png"; sourceTree = "<group>"; };
		20CDAFB11A96B4CC002716D8 /* palm@2x.png */ = {isa = PBXFileReference; lastKnownFileType = image.png; path = "palm@2x.png"; sourceTree = "<group>"; };
		20CDAFB31A96BB4E002716D8 /* menu@2x.png */ = {isa = PBXFileReference; lastKnownFileType = image.png; path = "menu@2x.png"; sourceTree = "<group>"; };
		20CDAFB51A96BC9E002716D8 /* postPic@2x.png */ = {isa = PBXFileReference; lastKnownFileType = image.png; path = "postPic@2x.png"; sourceTree = "<group>"; };
		20CDAFBB1A975D62002716D8 /* FirstFeaturedViewController.h */ = {isa = PBXFileReference; fileEncoding = 4; lastKnownFileType = sourcecode.c.h; path = FirstFeaturedViewController.h; sourceTree = "<group>"; };
		20CDAFBC1A975D62002716D8 /* FirstFeaturedViewController.m */ = {isa = PBXFileReference; fileEncoding = 4; lastKnownFileType = sourcecode.c.objc; path = FirstFeaturedViewController.m; sourceTree = "<group>"; };
		20CDAFBE1A979AB1002716D8 /* CameraIcon@2x.png */ = {isa = PBXFileReference; lastKnownFileType = image.png; path = "CameraIcon@2x.png"; sourceTree = "<group>"; };
		20CDAFC21A979B74002716D8 /* camButton@2x.png */ = {isa = PBXFileReference; lastKnownFileType = image.png; path = "camButton@2x.png"; sourceTree = "<group>"; };
		20CDAFD21A97B864002716D8 /* blurbkg@2x.png */ = {isa = PBXFileReference; lastKnownFileType = image.png; path = "blurbkg@2x.png"; sourceTree = "<group>"; };
		20CDAFD41A97C4F0002716D8 /* SecondFeaturedViewController.h */ = {isa = PBXFileReference; fileEncoding = 4; lastKnownFileType = sourcecode.c.h; path = SecondFeaturedViewController.h; sourceTree = "<group>"; };
		20CDAFD51A97C4F0002716D8 /* SecondFeaturedViewController.m */ = {isa = PBXFileReference; fileEncoding = 4; lastKnownFileType = sourcecode.c.objc; path = SecondFeaturedViewController.m; sourceTree = "<group>"; };
		20CDAFD71A98BE2C002716D8 /* UIScrollView+EmptyDataSet.h */ = {isa = PBXFileReference; fileEncoding = 4; lastKnownFileType = sourcecode.c.h; path = "UIScrollView+EmptyDataSet.h"; sourceTree = "<group>"; };
		20CDAFD81A98BE2C002716D8 /* UIScrollView+EmptyDataSet.m */ = {isa = PBXFileReference; fileEncoding = 4; lastKnownFileType = sourcecode.c.objc; path = "UIScrollView+EmptyDataSet.m"; sourceTree = "<group>"; };
		20CDAFDB1A98CDC6002716D8 /* placeholder.png */ = {isa = PBXFileReference; lastKnownFileType = image.png; path = placeholder.png; sourceTree = "<group>"; };
		20CDAFDD1A98D454002716D8 /* flash2@2x.png */ = {isa = PBXFileReference; lastKnownFileType = image.png; path = "flash2@2x.png"; sourceTree = "<group>"; };
/* End PBXFileReference section */

/* Begin PBXFrameworksBuildPhase section */
		20CDAEE31A96A72A002716D8 /* Frameworks */ = {
			isa = PBXFrameworksBuildPhase;
			buildActionMask = 2147483647;
			files = (
				20CDAF9D1A96AF4D002716D8 /* libsqlite3.dylib in Frameworks */,
				20CDAF271A96A840002716D8 /* AudioToolbox.framework in Frameworks */,
				20CDAF281A96A840002716D8 /* CFNetwork.framework in Frameworks */,
				20CDAF291A96A840002716D8 /* CoreGraphics.framework in Frameworks */,
				20CDAF2A1A96A840002716D8 /* CoreLocation.framework in Frameworks */,
				20CDAF2B1A96A840002716D8 /* Foundation.framework in Frameworks */,
				20CDAF2C1A96A840002716D8 /* GLKit.framework in Frameworks */,
				20CDAF2D1A96A840002716D8 /* libz.dylib in Frameworks */,
				20CDAF2E1A96A840002716D8 /* MobileCoreServices.framework in Frameworks */,
				20CDAF2F1A96A840002716D8 /* QuartzCore.framework in Frameworks */,
				20CDAF301A96A840002716D8 /* Security.framework in Frameworks */,
				20CDAF311A96A840002716D8 /* StoreKit.framework in Frameworks */,
				20CDAF321A96A840002716D8 /* SystemConfiguration.framework in Frameworks */,
				20CDAF331A96A840002716D8 /* UIKit.framework in Frameworks */,
				20CDAF161A96A7D3002716D8 /* Parse.framework in Frameworks */,
				20CDAF171A96A7D3002716D8 /* ParseCrashReporting.framework in Frameworks */,
				20CDAF191A96A7D3002716D8 /* ParseUI.framework in Frameworks */,
				20CDAF181A96A7D3002716D8 /* ParseFacebookUtils.framework in Frameworks */,
				20CDAF151A96A7D3002716D8 /* Bolts.framework in Frameworks */,
			);
			runOnlyForDeploymentPostprocessing = 0;
		};
		20CDAEFC1A96A72A002716D8 /* Frameworks */ = {
			isa = PBXFrameworksBuildPhase;
			buildActionMask = 2147483647;
			files = (
			);
			runOnlyForDeploymentPostprocessing = 0;
		};
/* End PBXFrameworksBuildPhase section */

/* Begin PBXGroup section */
		2053D62F1A9932EA0097D4EC /* Story Views */ = {
			isa = PBXGroup;
			children = (
				20CDAF931A96ACC5002716D8 /* MainStoriesViewController.h */,
				20CDAF941A96ACC5002716D8 /* MainStoriesViewController.m */,
				20CDAFBB1A975D62002716D8 /* FirstFeaturedViewController.h */,
				20CDAFBC1A975D62002716D8 /* FirstFeaturedViewController.m */,
				20CDAFD41A97C4F0002716D8 /* SecondFeaturedViewController.h */,
				20CDAFD51A97C4F0002716D8 /* SecondFeaturedViewController.m */,
			);
			name = "Story Views";
			sourceTree = "<group>";
		};
		2053D6301A9932F80097D4EC /* Camera */ = {
			isa = PBXGroup;
			children = (
				20CDAF8D1A96A988002716D8 /* CameraViewController.h */,
				20CDAF8E1A96A988002716D8 /* CameraViewController.m */,
			);
			name = Camera;
			sourceTree = "<group>";
		};
		2053D6311A9933000097D4EC /* Welcome/Home Views */ = {
			isa = PBXGroup;
			children = (
				20CDAF961A96ADD0002716D8 /* WelcomeViewController.h */,
				20CDAF971A96ADD0002716D8 /* WelcomeViewController.m */,
				20CDAF901A96AA9F002716D8 /* HomeTableViewController.h */,
				20CDAF911A96AA9F002716D8 /* HomeTableViewController.m */,
			);
			name = "Welcome/Home Views";
			sourceTree = "<group>";
		};
		2053D6321A9933190097D4EC /* Segue */ = {
			isa = PBXGroup;
			children = (
				20CDAF991A96AE8E002716D8 /* PopSegue.h */,
				20CDAF9A1A96AE8E002716D8 /* PopSegue.m */,
			);
			name = Segue;
			sourceTree = "<group>";
		};
		20CDAEDD1A96A72A002716D8 = {
			isa = PBXGroup;
			children = (
				20CDAEE81A96A72A002716D8 /* Stories */,
				20CDAF021A96A72A002716D8 /* StoriesTests */,
				20CDAEE71A96A72A002716D8 /* Products */,
				20CDAF0F1A96A7AB002716D8 /* Frameworks */,
				20CDAF341A96A877002716D8 /* Libraries */,
			);
			sourceTree = "<group>";
		};
		20CDAEE71A96A72A002716D8 /* Products */ = {
			isa = PBXGroup;
			children = (
				20CDAEE61A96A72A002716D8 /* Spotshot.app */,
				20CDAEFF1A96A72A002716D8 /* StoriesTests.xctest */,
			);
			name = Products;
			sourceTree = "<group>";
		};
		20CDAEE81A96A72A002716D8 /* Stories */ = {
			isa = PBXGroup;
			children = (
				20CDAEED1A96A72A002716D8 /* AppDelegate.h */,
				20CDAEEE1A96A72A002716D8 /* AppDelegate.m */,
				20CDAEF31A96A72A002716D8 /* Main.storyboard */,
				2053D6311A9933000097D4EC /* Welcome/Home Views */,
				2053D6301A9932F80097D4EC /* Camera */,
				2053D62F1A9932EA0097D4EC /* Story Views */,
				2053D6321A9933190097D4EC /* Segue */,
				20CDAEF61A96A72A002716D8 /* Images.xcassets */,
				20CDAEF81A96A72A002716D8 /* LaunchScreen.xib */,
				20CDAEE91A96A72A002716D8 /* Supporting Files */,
			);
			path = Stories;
			sourceTree = "<group>";
		};
		20CDAEE91A96A72A002716D8 /* Supporting Files */ = {
			isa = PBXGroup;
			children = (
				20CDAFB01A96B0E2002716D8 /* Images */,
				20CDAEEA1A96A72A002716D8 /* Info.plist */,
				20CDAEEB1A96A72A002716D8 /* main.m */,
			);
			name = "Supporting Files";
			sourceTree = "<group>";
		};
		20CDAF021A96A72A002716D8 /* StoriesTests */ = {
			isa = PBXGroup;
			children = (
				20CDAF051A96A72A002716D8 /* StoriesTests.m */,
				20CDAF031A96A72A002716D8 /* Supporting Files */,
			);
			path = StoriesTests;
			sourceTree = "<group>";
		};
		20CDAF031A96A72A002716D8 /* Supporting Files */ = {
			isa = PBXGroup;
			children = (
				20CDAF041A96A72A002716D8 /* Info.plist */,
			);
			name = "Supporting Files";
			sourceTree = "<group>";
		};
		20CDAF0F1A96A7AB002716D8 /* Frameworks */ = {
			isa = PBXGroup;
			children = (
				20CDAF9C1A96AF4D002716D8 /* libsqlite3.dylib */,
				20CDAF1A1A96A83F002716D8 /* AudioToolbox.framework */,
				20CDAF1B1A96A83F002716D8 /* CFNetwork.framework */,
				20CDAF1C1A96A83F002716D8 /* CoreGraphics.framework */,
				20CDAF1D1A96A83F002716D8 /* CoreLocation.framework */,
				20CDAF1E1A96A83F002716D8 /* Foundation.framework */,
				20CDAF1F1A96A83F002716D8 /* GLKit.framework */,
				20CDAF201A96A83F002716D8 /* libz.dylib */,
				20CDAF211A96A83F002716D8 /* MobileCoreServices.framework */,
				20CDAF221A96A83F002716D8 /* QuartzCore.framework */,
				20CDAF231A96A83F002716D8 /* Security.framework */,
				20CDAF241A96A83F002716D8 /* StoreKit.framework */,
				20CDAF251A96A83F002716D8 /* SystemConfiguration.framework */,
				20CDAF261A96A840002716D8 /* UIKit.framework */,
				20CDAF101A96A7D3002716D8 /* Bolts.framework */,
				20CDAF111A96A7D3002716D8 /* Parse.framework */,
				20CDAF121A96A7D3002716D8 /* ParseCrashReporting.framework */,
				20CDAF131A96A7D3002716D8 /* ParseFacebookUtils.framework */,
				20CDAF141A96A7D3002716D8 /* ParseUI.framework */,
			);
			name = Frameworks;
			path = Stories;
			sourceTree = "<group>";
		};
		20CDAF341A96A877002716D8 /* Libraries */ = {
			isa = PBXGroup;
			children = (
				20CDAFDA1A98BE30002716D8 /* EmptyDataSet */,
				20CDAF8C1A96A956002716D8 /* ProgressHUD */,
				20CDAF861A96A936002716D8 /* Camera */,
				20CDAF801A96A91D002716D8 /* Filters */,
				20CDAF3C1A96A904002716D8 /* Slideshow */,
				20CDAF381A96A8F0002716D8 /* Add Caption */,
			);
			name = Libraries;
			path = Stories;
			sourceTree = "<group>";
		};
		20CDAF381A96A8F0002716D8 /* Add Caption */ = {
			isa = PBXGroup;
			children = (
				20CDAF351A96A8EC002716D8 /* DIImageView.h */,
				20CDAF361A96A8EC002716D8 /* DIImageView.m */,
			);
			name = "Add Caption";
			sourceTree = "<group>";
		};
		20CDAF3C1A96A904002716D8 /* Slideshow */ = {
			isa = PBXGroup;
			children = (
				20CDAF391A96A900002716D8 /* KASlideShow.h */,
				20CDAF3A1A96A900002716D8 /* KASlideShow.m */,
			);
			name = Slideshow;
			sourceTree = "<group>";
		};
		20CDAF801A96A91D002716D8 /* Filters */ = {
			isa = PBXGroup;
			children = (
				20CDAF3D1A96A916002716D8 /* CIImageRenderer.h */,
				20CDAF3E1A96A916002716D8 /* CIImageRendererUtils.h */,
				20CDAF3F1A96A916002716D8 /* CIImageRendererUtils.m */,
				20CDAF401A96A916002716D8 /* SCArchivedVector.h */,
				20CDAF411A96A916002716D8 /* SCArchivedVector.m */,
				20CDAF421A96A916002716D8 /* SCAssetExportSession.h */,
				20CDAF431A96A916002716D8 /* SCAssetExportSession.m */,
				20CDAF441A96A916002716D8 /* SCAudioConfiguration.h */,
				20CDAF451A96A916002716D8 /* SCAudioConfiguration.m */,
				20CDAF461A96A916002716D8 /* SCAudioTools.h */,
				20CDAF471A96A916002716D8 /* SCAudioTools.m */,
				20CDAF481A96A916002716D8 /* SCAudioVideoRecorder-Prefix.pch */,
				20CDAF491A96A916002716D8 /* SCFilter.h */,
				20CDAF4A1A96A916002716D8 /* SCFilter.m */,
				20CDAF4B1A96A916002716D8 /* SCFilterGroup.h */,
				20CDAF4C1A96A916002716D8 /* SCFilterGroup.m */,
				20CDAF4D1A96A917002716D8 /* SCFilterSelectorView.h */,
				20CDAF4E1A96A917002716D8 /* SCFilterSelectorView.m */,
				20CDAF4F1A96A917002716D8 /* SCFilterSelectorViewInternal.h */,
				20CDAF501A96A917002716D8 /* SCImageView.h */,
				20CDAF511A96A917002716D8 /* SCImageView.m */,
				20CDAF521A96A917002716D8 /* SCMediaTypeConfiguration.h */,
				20CDAF531A96A917002716D8 /* SCMediaTypeConfiguration.m */,
				20CDAF541A96A917002716D8 /* SCPhotoConfiguration.h */,
				20CDAF551A96A917002716D8 /* SCPhotoConfiguration.m */,
				20CDAF561A96A917002716D8 /* SCPlayer.h */,
				20CDAF571A96A917002716D8 /* SCPlayer.m */,
				20CDAF581A96A917002716D8 /* SCRecorder.h */,
				20CDAF591A96A917002716D8 /* SCRecorder.m */,
				20CDAF5A1A96A917002716D8 /* SCRecorderFocusTargetView.h */,
				20CDAF5B1A96A917002716D8 /* SCRecorderFocusTargetView.m */,
				20CDAF5C1A96A917002716D8 /* SCRecorderFocusView.h */,
				20CDAF5D1A96A917002716D8 /* SCRecorderFocusView.m */,
				20CDAF5E1A96A917002716D8 /* SCRecorderTools.h */,
				20CDAF5F1A96A917002716D8 /* SCRecorderTools.m */,
				20CDAF601A96A917002716D8 /* SCRecordSession.h */,
				20CDAF611A96A917002716D8 /* SCRecordSession.m */,
				20CDAF621A96A917002716D8 /* SCRecordSession_Internal.h */,
				20CDAF631A96A917002716D8 /* SCSampleBufferHolder.h */,
				20CDAF641A96A917002716D8 /* SCSampleBufferHolder.m */,
				20CDAF651A96A917002716D8 /* SCSwipeableFilterView.h */,
				20CDAF661A96A917002716D8 /* SCSwipeableFilterView.m */,
				20CDAF671A96A917002716D8 /* SCVideoConfiguration.h */,
				20CDAF681A96A917002716D8 /* SCVideoConfiguration.m */,
				20CDAF691A96A917002716D8 /* SCVideoPlayerView.h */,
				20CDAF6A1A96A917002716D8 /* SCVideoPlayerView.m */,
			);
			name = Filters;
			sourceTree = "<group>";
		};
		20CDAF861A96A936002716D8 /* Camera */ = {
			isa = PBXGroup;
			children = (
				20CDAF811A96A932002716D8 /* PKImageBundle.bundle */,
				20CDAF821A96A932002716D8 /* PKImagePickerViewController.h */,
				20CDAF831A96A932002716D8 /* PKImagePickerViewController.m */,
			);
			name = Camera;
			sourceTree = "<group>";
		};
		20CDAF8C1A96A956002716D8 /* ProgressHUD */ = {
			isa = PBXGroup;
			children = (
				20CDAF871A96A952002716D8 /* ProgressHUD.bundle */,
				20CDAF881A96A952002716D8 /* ProgressHUD.h */,
				20CDAF891A96A952002716D8 /* ProgressHUD.m */,
			);
			name = ProgressHUD;
			sourceTree = "<group>";
		};
		20CDAFB01A96B0E2002716D8 /* Images */ = {
			isa = PBXGroup;
			children = (
				2053D6441A9B9A9D0097D4EC /* selfieTwo@2x.png */,
				2053D6421A9B822D0097D4EC /* cam@2x.png */,
				2053D6401A9A83990097D4EC /* timerBkg@2x.png */,
				2053D6341A9A289A0097D4EC /* postPicSelected@2x.png */,
				2053D62D1A991F4A0097D4EC /* selfie@2x.png */,
				2053D6291A991D910097D4EC /* flashSelected@2x.png */,
				2053D6251A98F9FE0097D4EC /* blurrry.jpg */,
				2053D6231A98F6130097D4EC /* gpsArrow@2x.png */,
				2053D61B1A98DCD40097D4EC /* snow.jpg */,
				20CDAFDD1A98D454002716D8 /* flash2@2x.png */,
				20CDAFDB1A98CDC6002716D8 /* placeholder.png */,
				20CDAFD21A97B864002716D8 /* blurbkg@2x.png */,
				20CDAFC21A979B74002716D8 /* camButton@2x.png */,
				20CDAFBE1A979AB1002716D8 /* CameraIcon@2x.png */,
				20CDAFB51A96BC9E002716D8 /* postPic@2x.png */,
				20CDAFB31A96BB4E002716D8 /* menu@2x.png */,
				20CDAFB11A96B4CC002716D8 /* palm@2x.png */,
				20CDAF9E1A96B0DE002716D8 /* flipCam@2x.png */,
				20CDAF9F1A96B0DE002716D8 /* cancel@2x.png */,
				20CDAFA01A96B0DE002716D8 /* flash@2x.png */,
				20CDAFA21A96B0DE002716D8 /* arrow@2x.png */,
				20CDAFA31A96B0DE002716D8 /* postImage@2x.png */,
				20CDAFA41A96B0DE002716D8 /* snapPhoto@2x.png */,
				20CDAFA51A96B0DE002716D8 /* SpotshotFace@2x.png */,
				20CDAFA61A96B0DE002716D8 /* IconCamera@2x.png */,
			);
			name = Images;
			sourceTree = "<group>";
		};
		20CDAFDA1A98BE30002716D8 /* EmptyDataSet */ = {
			isa = PBXGroup;
			children = (
				20CDAFD71A98BE2C002716D8 /* UIScrollView+EmptyDataSet.h */,
				20CDAFD81A98BE2C002716D8 /* UIScrollView+EmptyDataSet.m */,
			);
			name = EmptyDataSet;
			sourceTree = "<group>";
		};
/* End PBXGroup section */

/* Begin PBXNativeTarget section */
		20CDAEE51A96A72A002716D8 /* Stories */ = {
			isa = PBXNativeTarget;
			buildConfigurationList = 20CDAF091A96A72A002716D8 /* Build configuration list for PBXNativeTarget "Stories" */;
			buildPhases = (
				20CDAEE21A96A72A002716D8 /* Sources */,
				20CDAEE31A96A72A002716D8 /* Frameworks */,
				20CDAEE41A96A72A002716D8 /* Resources */,
			);
			buildRules = (
			);
			dependencies = (
			);
			name = Stories;
			productName = Stories;
			productReference = 20CDAEE61A96A72A002716D8 /* Spotshot.app */;
			productType = "com.apple.product-type.application";
		};
		20CDAEFE1A96A72A002716D8 /* StoriesTests */ = {
			isa = PBXNativeTarget;
			buildConfigurationList = 20CDAF0C1A96A72A002716D8 /* Build configuration list for PBXNativeTarget "StoriesTests" */;
			buildPhases = (
				20CDAEFB1A96A72A002716D8 /* Sources */,
				20CDAEFC1A96A72A002716D8 /* Frameworks */,
				20CDAEFD1A96A72A002716D8 /* Resources */,
			);
			buildRules = (
			);
			dependencies = (
				20CDAF011A96A72A002716D8 /* PBXTargetDependency */,
			);
			name = StoriesTests;
			productName = StoriesTests;
			productReference = 20CDAEFF1A96A72A002716D8 /* StoriesTests.xctest */;
			productType = "com.apple.product-type.bundle.unit-test";
		};
/* End PBXNativeTarget section */

/* Begin PBXProject section */
		20CDAEDE1A96A72A002716D8 /* Project object */ = {
			isa = PBXProject;
			attributes = {
				LastUpgradeCheck = 0610;
				ORGANIZATIONNAME = "Evan Latner";
				TargetAttributes = {
					20CDAEE51A96A72A002716D8 = {
						CreatedOnToolsVersion = 6.1.1;
					};
					20CDAEFE1A96A72A002716D8 = {
						CreatedOnToolsVersion = 6.1.1;
						TestTargetID = 20CDAEE51A96A72A002716D8;
					};
				};
			};
			buildConfigurationList = 20CDAEE11A96A72A002716D8 /* Build configuration list for PBXProject "Stories" */;
			compatibilityVersion = "Xcode 3.2";
			developmentRegion = English;
			hasScannedForEncodings = 0;
			knownRegions = (
				en,
				Base,
			);
			mainGroup = 20CDAEDD1A96A72A002716D8;
			productRefGroup = 20CDAEE71A96A72A002716D8 /* Products */;
			projectDirPath = "";
			projectRoot = "";
			targets = (
				20CDAEE51A96A72A002716D8 /* Stories */,
				20CDAEFE1A96A72A002716D8 /* StoriesTests */,
			);
		};
/* End PBXProject section */

/* Begin PBXResourcesBuildPhase section */
		20CDAEE41A96A72A002716D8 /* Resources */ = {
			isa = PBXResourcesBuildPhase;
			buildActionMask = 2147483647;
			files = (
				2053D6261A98F9FE0097D4EC /* blurrry.jpg in Resources */,
				20CDAFC31A979B74002716D8 /* camButton@2x.png in Resources */,
				20CDAFAF1A96B0DE002716D8 /* IconCamera@2x.png in Resources */,
				2053D6411A9A83990097D4EC /* timerBkg@2x.png in Resources */,
				2053D6431A9B822D0097D4EC /* cam@2x.png in Resources */,
				2053D62A1A991D910097D4EC /* flashSelected@2x.png in Resources */,
				20CDAFAC1A96B0DE002716D8 /* postImage@2x.png in Resources */,
				20CDAFB21A96B4CC002716D8 /* palm@2x.png in Resources */,
				20CDAFDE1A98D454002716D8 /* flash2@2x.png in Resources */,
				2053D6241A98F6130097D4EC /* gpsArrow@2x.png in Resources */,
				20CDAFD31A97B864002716D8 /* blurbkg@2x.png in Resources */,
				20CDAF841A96A932002716D8 /* PKImageBundle.bundle in Resources */,
				2053D6351A9A289A0097D4EC /* postPicSelected@2x.png in Resources */,
				20CDAEF51A96A72A002716D8 /* Main.storyboard in Resources */,
				2053D62E1A991F4A0097D4EC /* selfie@2x.png in Resources */,
				20CDAFAE1A96B0DE002716D8 /* SpotshotFace@2x.png in Resources */,
				20CDAEFA1A96A72A002716D8 /* LaunchScreen.xib in Resources */,
				20CDAFBF1A979AB1002716D8 /* CameraIcon@2x.png in Resources */,
				20CDAF8A1A96A952002716D8 /* ProgressHUD.bundle in Resources */,
				20CDAEF71A96A72A002716D8 /* Images.xcassets in Resources */,
				20CDAFAB1A96B0DE002716D8 /* arrow@2x.png in Resources */,
				20CDAFA81A96B0DE002716D8 /* cancel@2x.png in Resources */,
				20CDAFAD1A96B0DE002716D8 /* snapPhoto@2x.png in Resources */,
				20CDAFB41A96BB4E002716D8 /* menu@2x.png in Resources */,
				20CDAFB61A96BC9E002716D8 /* postPic@2x.png in Resources */,
				20CDAFA71A96B0DE002716D8 /* flipCam@2x.png in Resources */,
				20CDAFDC1A98CDC6002716D8 /* placeholder.png in Resources */,
				2053D61C1A98DCD40097D4EC /* snow.jpg in Resources */,
				20CDAFA91A96B0DE002716D8 /* flash@2x.png in Resources */,
				2053D6451A9B9A9D0097D4EC /* selfieTwo@2x.png in Resources */,
			);
			runOnlyForDeploymentPostprocessing = 0;
		};
		20CDAEFD1A96A72A002716D8 /* Resources */ = {
			isa = PBXResourcesBuildPhase;
			buildActionMask = 2147483647;
			files = (
			);
			runOnlyForDeploymentPostprocessing = 0;
		};
/* End PBXResourcesBuildPhase section */

/* Begin PBXSourcesBuildPhase section */
		20CDAEE21A96A72A002716D8 /* Sources */ = {
			isa = PBXSourcesBuildPhase;
			buildActionMask = 2147483647;
			files = (
				20CDAF6B1A96A917002716D8 /* CIImageRendererUtils.m in Sources */,
				20CDAFBD1A975D62002716D8 /* FirstFeaturedViewController.m in Sources */,
				20CDAF701A96A917002716D8 /* SCFilter.m in Sources */,
				20CDAF6E1A96A917002716D8 /* SCAudioConfiguration.m in Sources */,
				20CDAF951A96ACC5002716D8 /* MainStoriesViewController.m in Sources */,
				20CDAF6D1A96A917002716D8 /* SCAssetExportSession.m in Sources */,
				20CDAF371A96A8EC002716D8 /* DIImageView.m in Sources */,
				20CDAF8F1A96A988002716D8 /* CameraViewController.m in Sources */,
				20CDAF921A96AA9F002716D8 /* HomeTableViewController.m in Sources */,
				20CDAF791A96A917002716D8 /* SCRecorderFocusView.m in Sources */,
				20CDAFD61A97C4F0002716D8 /* SecondFeaturedViewController.m in Sources */,
				20CDAEEF1A96A72A002716D8 /* AppDelegate.m in Sources */,
				20CDAF3B1A96A900002716D8 /* KASlideShow.m in Sources */,
				20CDAF731A96A917002716D8 /* SCImageView.m in Sources */,
				20CDAF981A96ADD0002716D8 /* WelcomeViewController.m in Sources */,
				20CDAF9B1A96AE8E002716D8 /* PopSegue.m in Sources */,
				20CDAF8B1A96A952002716D8 /* ProgressHUD.m in Sources */,
				20CDAF761A96A917002716D8 /* SCPlayer.m in Sources */,
				20CDAF6C1A96A917002716D8 /* SCArchivedVector.m in Sources */,
				20CDAEEC1A96A72A002716D8 /* main.m in Sources */,
				20CDAF751A96A917002716D8 /* SCPhotoConfiguration.m in Sources */,
				20CDAF7F1A96A917002716D8 /* SCVideoPlayerView.m in Sources */,
				20CDAF771A96A917002716D8 /* SCRecorder.m in Sources */,
				20CDAF7E1A96A917002716D8 /* SCVideoConfiguration.m in Sources */,
				20CDAF721A96A917002716D8 /* SCFilterSelectorView.m in Sources */,
				20CDAF851A96A932002716D8 /* PKImagePickerViewController.m in Sources */,
				20CDAF7C1A96A917002716D8 /* SCSampleBufferHolder.m in Sources */,
				20CDAF781A96A917002716D8 /* SCRecorderFocusTargetView.m in Sources */,
				20CDAF6F1A96A917002716D8 /* SCAudioTools.m in Sources */,
				20CDAF7A1A96A917002716D8 /* SCRecorderTools.m in Sources */,
				20CDAF711A96A917002716D8 /* SCFilterGroup.m in Sources */,
				20CDAF7D1A96A917002716D8 /* SCSwipeableFilterView.m in Sources */,
				20CDAF741A96A917002716D8 /* SCMediaTypeConfiguration.m in Sources */,
				20CDAF7B1A96A917002716D8 /* SCRecordSession.m in Sources */,
				20CDAFD91A98BE2C002716D8 /* UIScrollView+EmptyDataSet.m in Sources */,
			);
			runOnlyForDeploymentPostprocessing = 0;
		};
		20CDAEFB1A96A72A002716D8 /* Sources */ = {
			isa = PBXSourcesBuildPhase;
			buildActionMask = 2147483647;
			files = (
				20CDAF061A96A72A002716D8 /* StoriesTests.m in Sources */,
			);
			runOnlyForDeploymentPostprocessing = 0;
		};
/* End PBXSourcesBuildPhase section */

/* Begin PBXTargetDependency section */
		20CDAF011A96A72A002716D8 /* PBXTargetDependency */ = {
			isa = PBXTargetDependency;
			target = 20CDAEE51A96A72A002716D8 /* Stories */;
			targetProxy = 20CDAF001A96A72A002716D8 /* PBXContainerItemProxy */;
		};
/* End PBXTargetDependency section */

/* Begin PBXVariantGroup section */
		20CDAEF31A96A72A002716D8 /* Main.storyboard */ = {
			isa = PBXVariantGroup;
			children = (
				20CDAEF41A96A72A002716D8 /* Base */,
			);
			name = Main.storyboard;
			sourceTree = "<group>";
		};
		20CDAEF81A96A72A002716D8 /* LaunchScreen.xib */ = {
			isa = PBXVariantGroup;
			children = (
				20CDAEF91A96A72A002716D8 /* Base */,
			);
			name = LaunchScreen.xib;
			sourceTree = "<group>";
		};
/* End PBXVariantGroup section */

/* Begin XCBuildConfiguration section */
		20CDAF071A96A72A002716D8 /* Debug */ = {
			isa = XCBuildConfiguration;
			buildSettings = {
				ALWAYS_SEARCH_USER_PATHS = NO;
				CLANG_CXX_LANGUAGE_STANDARD = "gnu++0x";
				CLANG_CXX_LIBRARY = "libc++";
				CLANG_ENABLE_MODULES = YES;
				CLANG_ENABLE_OBJC_ARC = YES;
				CLANG_WARN_BOOL_CONVERSION = YES;
				CLANG_WARN_CONSTANT_CONVERSION = YES;
				CLANG_WARN_DIRECT_OBJC_ISA_USAGE = YES_ERROR;
				CLANG_WARN_EMPTY_BODY = YES;
				CLANG_WARN_ENUM_CONVERSION = YES;
				CLANG_WARN_INT_CONVERSION = YES;
				CLANG_WARN_OBJC_ROOT_CLASS = YES_ERROR;
				CLANG_WARN_UNREACHABLE_CODE = YES;
				CLANG_WARN__DUPLICATE_METHOD_MATCH = YES;
				"CODE_SIGN_IDENTITY[sdk=iphoneos*]" = "iPhone Developer";
				COPY_PHASE_STRIP = NO;
				ENABLE_STRICT_OBJC_MSGSEND = YES;
				GCC_C_LANGUAGE_STANDARD = gnu99;
				GCC_DYNAMIC_NO_PIC = NO;
				GCC_OPTIMIZATION_LEVEL = 0;
				GCC_PREPROCESSOR_DEFINITIONS = (
					"DEBUG=1",
					"$(inherited)",
				);
				GCC_SYMBOLS_PRIVATE_EXTERN = NO;
				GCC_WARN_64_TO_32_BIT_CONVERSION = YES;
				GCC_WARN_ABOUT_RETURN_TYPE = YES_ERROR;
				GCC_WARN_UNDECLARED_SELECTOR = YES;
				GCC_WARN_UNINITIALIZED_AUTOS = YES_AGGRESSIVE;
				GCC_WARN_UNUSED_FUNCTION = YES;
				GCC_WARN_UNUSED_VARIABLE = YES;
				IPHONEOS_DEPLOYMENT_TARGET = 8.1;
				MTL_ENABLE_DEBUG_INFO = YES;
				ONLY_ACTIVE_ARCH = YES;
				SDKROOT = iphoneos;
			};
			name = Debug;
		};
		20CDAF081A96A72A002716D8 /* Release */ = {
			isa = XCBuildConfiguration;
			buildSettings = {
				ALWAYS_SEARCH_USER_PATHS = NO;
				CLANG_CXX_LANGUAGE_STANDARD = "gnu++0x";
				CLANG_CXX_LIBRARY = "libc++";
				CLANG_ENABLE_MODULES = YES;
				CLANG_ENABLE_OBJC_ARC = YES;
				CLANG_WARN_BOOL_CONVERSION = YES;
				CLANG_WARN_CONSTANT_CONVERSION = YES;
				CLANG_WARN_DIRECT_OBJC_ISA_USAGE = YES_ERROR;
				CLANG_WARN_EMPTY_BODY = YES;
				CLANG_WARN_ENUM_CONVERSION = YES;
				CLANG_WARN_INT_CONVERSION = YES;
				CLANG_WARN_OBJC_ROOT_CLASS = YES_ERROR;
				CLANG_WARN_UNREACHABLE_CODE = YES;
				CLANG_WARN__DUPLICATE_METHOD_MATCH = YES;
				"CODE_SIGN_IDENTITY[sdk=iphoneos*]" = "iPhone Developer";
				COPY_PHASE_STRIP = YES;
				ENABLE_NS_ASSERTIONS = NO;
				ENABLE_STRICT_OBJC_MSGSEND = YES;
				GCC_C_LANGUAGE_STANDARD = gnu99;
				GCC_WARN_64_TO_32_BIT_CONVERSION = YES;
				GCC_WARN_ABOUT_RETURN_TYPE = YES_ERROR;
				GCC_WARN_UNDECLARED_SELECTOR = YES;
				GCC_WARN_UNINITIALIZED_AUTOS = YES_AGGRESSIVE;
				GCC_WARN_UNUSED_FUNCTION = YES;
				GCC_WARN_UNUSED_VARIABLE = YES;
				IPHONEOS_DEPLOYMENT_TARGET = 8.1;
				MTL_ENABLE_DEBUG_INFO = NO;
				SDKROOT = iphoneos;
				VALIDATE_PRODUCT = YES;
			};
			name = Release;
		};
		20CDAF0A1A96A72A002716D8 /* Debug */ = {
			isa = XCBuildConfiguration;
			buildSettings = {
				ASSETCATALOG_COMPILER_APPICON_NAME = AppIcon;
				ASSETCATALOG_COMPILER_LAUNCHIMAGE_NAME = LaunchImage;
				FRAMEWORK_SEARCH_PATHS = (
					"$(inherited)",
					"$(PROJECT_DIR)/Stories",
				);
				INFOPLIST_FILE = Stories/Info.plist;
				IPHONEOS_DEPLOYMENT_TARGET = 7.0;
				LD_RUNPATH_SEARCH_PATHS = "$(inherited) @executable_path/Frameworks";
				PRODUCT_NAME = Spotshot;
			};
			name = Debug;
		};
		20CDAF0B1A96A72A002716D8 /* Release */ = {
			isa = XCBuildConfiguration;
			buildSettings = {
				ASSETCATALOG_COMPILER_APPICON_NAME = AppIcon;
				ASSETCATALOG_COMPILER_LAUNCHIMAGE_NAME = LaunchImage;
				FRAMEWORK_SEARCH_PATHS = (
					"$(inherited)",
					"$(PROJECT_DIR)/Stories",
				);
				INFOPLIST_FILE = Stories/Info.plist;
				IPHONEOS_DEPLOYMENT_TARGET = 7.0;
				LD_RUNPATH_SEARCH_PATHS = "$(inherited) @executable_path/Frameworks";
				PRODUCT_NAME = Spotshot;
			};
			name = Release;
		};
		20CDAF0D1A96A72A002716D8 /* Debug */ = {
			isa = XCBuildConfiguration;
			buildSettings = {
				BUNDLE_LOADER = "$(TEST_HOST)";
				FRAMEWORK_SEARCH_PATHS = (
					"$(SDKROOT)/Developer/Library/Frameworks",
					"$(inherited)",
				);
				GCC_PREPROCESSOR_DEFINITIONS = (
					"DEBUG=1",
					"$(inherited)",
				);
				INFOPLIST_FILE = StoriesTests/Info.plist;
				LD_RUNPATH_SEARCH_PATHS = "$(inherited) @executable_path/Frameworks @loader_path/Frameworks";
				PRODUCT_NAME = "$(TARGET_NAME)";
				TEST_HOST = "$(BUILT_PRODUCTS_DIR)/Stories.app/Stories";
			};
			name = Debug;
		};
		20CDAF0E1A96A72A002716D8 /* Release */ = {
			isa = XCBuildConfiguration;
			buildSettings = {
				BUNDLE_LOADER = "$(TEST_HOST)";
				FRAMEWORK_SEARCH_PATHS = (
					"$(SDKROOT)/Developer/Library/Frameworks",
					"$(inherited)",
				);
				INFOPLIST_FILE = StoriesTests/Info.plist;
				LD_RUNPATH_SEARCH_PATHS = "$(inherited) @executable_path/Frameworks @loader_path/Frameworks";
				PRODUCT_NAME = "$(TARGET_NAME)";
				TEST_HOST = "$(BUILT_PRODUCTS_DIR)/Stories.app/Stories";
			};
			name = Release;
		};
/* End XCBuildConfiguration section */

/* Begin XCConfigurationList section */
		20CDAEE11A96A72A002716D8 /* Build configuration list for PBXProject "Stories" */ = {
			isa = XCConfigurationList;
			buildConfigurations = (
				20CDAF071A96A72A002716D8 /* Debug */,
				20CDAF081A96A72A002716D8 /* Release */,
			);
			defaultConfigurationIsVisible = 0;
			defaultConfigurationName = Release;
		};
		20CDAF091A96A72A002716D8 /* Build configuration list for PBXNativeTarget "Stories" */ = {
			isa = XCConfigurationList;
			buildConfigurations = (
				20CDAF0A1A96A72A002716D8 /* Debug */,
				20CDAF0B1A96A72A002716D8 /* Release */,
			);
			defaultConfigurationIsVisible = 0;
			defaultConfigurationName = Release;
		};
		20CDAF0C1A96A72A002716D8 /* Build configuration list for PBXNativeTarget "StoriesTests" */ = {
			isa = XCConfigurationList;
			buildConfigurations = (
				20CDAF0D1A96A72A002716D8 /* Debug */,
				20CDAF0E1A96A72A002716D8 /* Release */,
			);
			defaultConfigurationIsVisible = 0;
			defaultConfigurationName = Release;
		};
/* End XCConfigurationList section */
	};
	rootObject = 20CDAEDE1A96A72A002716D8 /* Project object */;
}
